# This file is automatically @generated by Cargo.
# It is not intended for manual editing.
version = 4

[[package]]
name = "netzer-cli"
version = "0.1.0"
dependencies = [
 "netzer-core",
 "netzer-socket",
]

[[package]]
name = "netzer-core"
version = "0.1.0"

[[package]]
name = "netzer-socket"
version = "0.1.0"
dependencies = [
 "netzer-core",
]
